// !$*UTF8*$!
{
	archiveVersion = 1;
	classes = {
	};
	objectVersion = 46;
	objects = {

/* Begin PBXBuildFile section */
		25D49624CB93AA764E905BBB /* Pods.framework in Frameworks */ = {isa = PBXBuildFile; fileRef = C70E69ABCF51E99907070BF1 /* Pods.framework */; };
		C01024F01C8FD711000F776C /* AppDelegate.swift in Sources */ = {isa = PBXBuildFile; fileRef = C01024EF1C8FD711000F776C /* AppDelegate.swift */; };
		C01024F21C8FD711000F776C /* ViewController.swift in Sources */ = {isa = PBXBuildFile; fileRef = C01024F11C8FD711000F776C /* ViewController.swift */; };
		C01024F51C8FD711000F776C /* Main.storyboard in Resources */ = {isa = PBXBuildFile; fileRef = C01024F31C8FD711000F776C /* Main.storyboard */; };
		C01024F71C8FD711000F776C /* Assets.xcassets in Resources */ = {isa = PBXBuildFile; fileRef = C01024F61C8FD711000F776C /* Assets.xcassets */; };
		C01024FA1C8FD711000F776C /* LaunchScreen.storyboard in Resources */ = {isa = PBXBuildFile; fileRef = C01024F81C8FD711000F776C /* LaunchScreen.storyboard */; };
		C01025051C8FD712000F776C /* GTWaterFallFlowLayoutTests.swift in Sources */ = {isa = PBXBuildFile; fileRef = C01025041C8FD712000F776C /* GTWaterFallFlowLayoutTests.swift */; };
		C01025101C8FD712000F776C /* GTWaterFallFlowLayoutUITests.swift in Sources */ = {isa = PBXBuildFile; fileRef = C010250F1C8FD712000F776C /* GTWaterFallFlowLayoutUITests.swift */; };
		C01025201C8FD77D000F776C /* GTWaterFallFlowLayout.swift in Sources */ = {isa = PBXBuildFile; fileRef = C010251F1C8FD77D000F776C /* GTWaterFallFlowLayout.swift */; };
/* End PBXBuildFile section */

/* Begin PBXContainerItemProxy section */
		C01025011C8FD712000F776C /* PBXContainerItemProxy */ = {
			isa = PBXContainerItemProxy;
			containerPortal = C01024E41C8FD711000F776C /* Project object */;
			proxyType = 1;
			remoteGlobalIDString = C01024EB1C8FD711000F776C;
			remoteInfo = GTWaterFallFlowLayout;
		};
		C010250C1C8FD712000F776C /* PBXContainerItemProxy */ = {
			isa = PBXContainerItemProxy;
			containerPortal = C01024E41C8FD711000F776C /* Project object */;
			proxyType = 1;
			remoteGlobalIDString = C01024EB1C8FD711000F776C;
			remoteInfo = GTWaterFallFlowLayout;
		};
/* End PBXContainerItemProxy section */

/* Begin PBXFileReference section */
		6B57815FE4EE9432642A0730 /* Pods.release.xcconfig */ = {isa = PBXFileReference; includeInIndex = 1; lastKnownFileType = text.xcconfig; name = Pods.release.xcconfig; path = "Pods/Target Support Files/Pods/Pods.release.xcconfig"; sourceTree = "<group>"; };
		C01024EC1C8FD711000F776C /* GTWaterFallFlowLayout.app */ = {isa = PBXFileReference; explicitFileType = wrapper.application; includeInIndex = 0; path = GTWaterFallFlowLayout.app; sourceTree = BUILT_PRODUCTS_DIR; };
		C01024EF1C8FD711000F776C /* AppDelegate.swift */ = {isa = PBXFileReference; lastKnownFileType = sourcecode.swift; path = AppDelegate.swift; sourceTree = "<group>"; };
		C01024F11C8FD711000F776C /* ViewController.swift */ = {isa = PBXFileReference; lastKnownFileType = sourcecode.swift; path = ViewController.swift; sourceTree = "<group>"; };
		C01024F41C8FD711000F776C /* Base */ = {isa = PBXFileReference; lastKnownFileType = file.storyboard; name = Base; path = Base.lproj/Main.storyboard; sourceTree = "<group>"; };
		C01024F61C8FD711000F776C /* Assets.xcassets */ = {isa = PBXFileReference; lastKnownFileType = folder.assetcatalog; path = Assets.xcassets; sourceTree = "<group>"; };
		C01024F91C8FD711000F776C /* Base */ = {isa = PBXFileReference; lastKnownFileType = file.storyboard; name = Base; path = Base.lproj/LaunchScreen.storyboard; sourceTree = "<group>"; };
		C01024FB1C8FD711000F776C /* Info.plist */ = {isa = PBXFileReference; lastKnownFileType = text.plist.xml; path = Info.plist; sourceTree = "<group>"; };
		C01025001C8FD712000F776C /* GTWaterFallFlowLayoutTests.xctest */ = {isa = PBXFileReference; explicitFileType = wrapper.cfbundle; includeInIndex = 0; path = GTWaterFallFlowLayoutTests.xctest; sourceTree = BUILT_PRODUCTS_DIR; };
		C01025041C8FD712000F776C /* GTWaterFallFlowLayoutTests.swift */ = {isa = PBXFileReference; lastKnownFileType = sourcecode.swift; path = GTWaterFallFlowLayoutTests.swift; sourceTree = "<group>"; };
		C01025061C8FD712000F776C /* Info.plist */ = {isa = PBXFileReference; lastKnownFileType = text.plist.xml; path = Info.plist; sourceTree = "<group>"; };
		C010250B1C8FD712000F776C /* GTWaterFallFlowLayoutUITests.xctest */ = {isa = PBXFileReference; explicitFileType = wrapper.cfbundle; includeInIndex = 0; path = GTWaterFallFlowLayoutUITests.xctest; sourceTree = BUILT_PRODUCTS_DIR; };
		C010250F1C8FD712000F776C /* GTWaterFallFlowLayoutUITests.swift */ = {isa = PBXFileReference; lastKnownFileType = sourcecode.swift; path = GTWaterFallFlowLayoutUITests.swift; sourceTree = "<group>"; };
		C01025111C8FD712000F776C /* Info.plist */ = {isa = PBXFileReference; lastKnownFileType = text.plist.xml; path = Info.plist; sourceTree = "<group>"; };
		C010251F1C8FD77D000F776C /* GTWaterFallFlowLayout.swift */ = {isa = PBXFileReference; fileEncoding = 4; lastKnownFileType = sourcecode.swift; name = GTWaterFallFlowLayout.swift; path = Util/GTWaterFallFlowLayout.swift; sourceTree = "<group>"; };
		C70E69ABCF51E99907070BF1 /* Pods.framework */ = {isa = PBXFileReference; explicitFileType = wrapper.framework; includeInIndex = 0; path = Pods.framework; sourceTree = BUILT_PRODUCTS_DIR; };
		CB0197A43EE0D737D9029986 /* Pods.debug.xcconfig */ = {isa = PBXFileReference; includeInIndex = 1; lastKnownFileType = text.xcconfig; name = Pods.debug.xcconfig; path = "Pods/Target Support Files/Pods/Pods.debug.xcconfig"; sourceTree = "<group>"; };
/* End PBXFileReference section */

/* Begin PBXFrameworksBuildPhase section */
		C01024E91C8FD711000F776C /* Frameworks */ = {
			isa = PBXFrameworksBuildPhase;
			buildActionMask = 2147483647;
			files = (
				25D49624CB93AA764E905BBB /* Pods.framework in Frameworks */,
			);
			runOnlyForDeploymentPostprocessing = 0;
		};
		C01024FD1C8FD712000F776C /* Frameworks */ = {
			isa = PBXFrameworksBuildPhase;
			buildActionMask = 2147483647;
			files = (
			);
			runOnlyForDeploymentPostprocessing = 0;
		};
		C01025081C8FD712000F776C /* Frameworks */ = {
			isa = PBXFrameworksBuildPhase;
			buildActionMask = 2147483647;
			files = (
			);
			runOnlyForDeploymentPostprocessing = 0;
		};
/* End PBXFrameworksBuildPhase section */

/* Begin PBXGroup section */
		3C4209DD8DE772A84BD9DFFA /* Frameworks */ = {
			isa = PBXGroup;
			children = (
				C70E69ABCF51E99907070BF1 /* Pods.framework */,
			);
			name = Frameworks;
			sourceTree = "<group>";
		};
		77C030A95006A476C257B481 /* Pods */ = {
			isa = PBXGroup;
			children = (
				CB0197A43EE0D737D9029986 /* Pods.debug.xcconfig */,
				6B57815FE4EE9432642A0730 /* Pods.release.xcconfig */,
			);
			name = Pods;
			sourceTree = "<group>";
		};
		C01024E31C8FD711000F776C = {
			isa = PBXGroup;
			children = (
				C010251F1C8FD77D000F776C /* GTWaterFallFlowLayout.swift */,
				C01024EE1C8FD711000F776C /* GTWaterFallFlowLayout */,
				C01025031C8FD712000F776C /* GTWaterFallFlowLayoutTests */,
				C010250E1C8FD712000F776C /* GTWaterFallFlowLayoutUITests */,
				C01024ED1C8FD711000F776C /* Products */,
				77C030A95006A476C257B481 /* Pods */,
				3C4209DD8DE772A84BD9DFFA /* Frameworks */,
			);
			sourceTree = "<group>";
		};
		C01024ED1C8FD711000F776C /* Products */ = {
			isa = PBXGroup;
			children = (
				C01024EC1C8FD711000F776C /* GTWaterFallFlowLayout.app */,
				C01025001C8FD712000F776C /* GTWaterFallFlowLayoutTests.xctest */,
				C010250B1C8FD712000F776C /* GTWaterFallFlowLayoutUITests.xctest */,
			);
			name = Products;
			sourceTree = "<group>";
		};
		C01024EE1C8FD711000F776C /* GTWaterFallFlowLayout */ = {
			isa = PBXGroup;
			children = (
				C01024EF1C8FD711000F776C /* AppDelegate.swift */,
				C01024F11C8FD711000F776C /* ViewController.swift */,
				C01024F31C8FD711000F776C /* Main.storyboard */,
				C01024F61C8FD711000F776C /* Assets.xcassets */,
				C01024F81C8FD711000F776C /* LaunchScreen.storyboard */,
				C01024FB1C8FD711000F776C /* Info.plist */,
			);
			path = GTWaterFallFlowLayout;
			sourceTree = "<group>";
		};
		C01025031C8FD712000F776C /* GTWaterFallFlowLayoutTests */ = {
			isa = PBXGroup;
			children = (
				C01025041C8FD712000F776C /* GTWaterFallFlowLayoutTests.swift */,
				C01025061C8FD712000F776C /* Info.plist */,
			);
			path = GTWaterFallFlowLayoutTests;
			sourceTree = "<group>";
		};
		C010250E1C8FD712000F776C /* GTWaterFallFlowLayoutUITests */ = {
			isa = PBXGroup;
			children = (
				C010250F1C8FD712000F776C /* GTWaterFallFlowLayoutUITests.swift */,
				C01025111C8FD712000F776C /* Info.plist */,
			);
			path = GTWaterFallFlowLayoutUITests;
			sourceTree = "<group>";
		};
/* End PBXGroup section */

/* Begin PBXNativeTarget section */
		C01024EB1C8FD711000F776C /* GTWaterFallFlowLayout */ = {
			isa = PBXNativeTarget;
			buildConfigurationList = C01025141C8FD712000F776C /* Build configuration list for PBXNativeTarget "GTWaterFallFlowLayout" */;
			buildPhases = (
				11378242F21E8C3E38DD1BB5 /* Check Pods Manifest.lock */,
				C01024E81C8FD711000F776C /* Sources */,
				C01024E91C8FD711000F776C /* Frameworks */,
				C01024EA1C8FD711000F776C /* Resources */,
				0E7064D81DCE7C1353600C14 /* Embed Pods Frameworks */,
				6A7B2C447E2F108BBD13012E /* Copy Pods Resources */,
			);
			buildRules = (
			);
			dependencies = (
			);
			name = GTWaterFallFlowLayout;
			productName = GTWaterFallFlowLayout;
			productReference = C01024EC1C8FD711000F776C /* GTWaterFallFlowLayout.app */;
			productType = "com.apple.product-type.application";
		};
		C01024FF1C8FD712000F776C /* GTWaterFallFlowLayoutTests */ = {
			isa = PBXNativeTarget;
			buildConfigurationList = C01025171C8FD712000F776C /* Build configuration list for PBXNativeTarget "GTWaterFallFlowLayoutTests" */;
			buildPhases = (
				C01024FC1C8FD712000F776C /* Sources */,
				C01024FD1C8FD712000F776C /* Frameworks */,
				C01024FE1C8FD712000F776C /* Resources */,
			);
			buildRules = (
			);
			dependencies = (
				C01025021C8FD712000F776C /* PBXTargetDependency */,
			);
			name = GTWaterFallFlowLayoutTests;
			productName = GTWaterFallFlowLayoutTests;
			productReference = C01025001C8FD712000F776C /* GTWaterFallFlowLayoutTests.xctest */;
			productType = "com.apple.product-type.bundle.unit-test";
		};
		C010250A1C8FD712000F776C /* GTWaterFallFlowLayoutUITests */ = {
			isa = PBXNativeTarget;
			buildConfigurationList = C010251A1C8FD712000F776C /* Build configuration list for PBXNativeTarget "GTWaterFallFlowLayoutUITests" */;
			buildPhases = (
				C01025071C8FD712000F776C /* Sources */,
				C01025081C8FD712000F776C /* Frameworks */,
				C01025091C8FD712000F776C /* Resources */,
			);
			buildRules = (
			);
			dependencies = (
				C010250D1C8FD712000F776C /* PBXTargetDependency */,
			);
			name = GTWaterFallFlowLayoutUITests;
			productName = GTWaterFallFlowLayoutUITests;
			productReference = C010250B1C8FD712000F776C /* GTWaterFallFlowLayoutUITests.xctest */;
			productType = "com.apple.product-type.bundle.ui-testing";
		};
/* End PBXNativeTarget section */

/* Begin PBXProject section */
		C01024E41C8FD711000F776C /* Project object */ = {
			isa = PBXProject;
			attributes = {
				LastSwiftUpdateCheck = 0720;
				LastUpgradeCheck = 0720;
				ORGANIZATIONNAME = Geetion;
				TargetAttributes = {
					C01024EB1C8FD711000F776C = {
						CreatedOnToolsVersion = 7.2.1;
					};
					C01024FF1C8FD712000F776C = {
						CreatedOnToolsVersion = 7.2.1;
						TestTargetID = C01024EB1C8FD711000F776C;
					};
					C010250A1C8FD712000F776C = {
						CreatedOnToolsVersion = 7.2.1;
						TestTargetID = C01024EB1C8FD711000F776C;
					};
				};
			};
			buildConfigurationList = C01024E71C8FD711000F776C /* Build configuration list for PBXProject "GTWaterFallFlowLayout" */;
			compatibilityVersion = "Xcode 3.2";
			developmentRegion = English;
			hasScannedForEncodings = 0;
			knownRegions = (
				en,
				Base,
			);
			mainGroup = C01024E31C8FD711000F776C;
			productRefGroup = C01024ED1C8FD711000F776C /* Products */;
			projectDirPath = "";
			projectRoot = "";
			targets = (
				C01024EB1C8FD711000F776C /* GTWaterFallFlowLayout */,
				C01024FF1C8FD712000F776C /* GTWaterFallFlowLayoutTests */,
				C010250A1C8FD712000F776C /* GTWaterFallFlowLayoutUITests */,
			);
		};
/* End PBXProject section */

/* Begin PBXResourcesBuildPhase section */
		C01024EA1C8FD711000F776C /* Resources */ = {
			isa = PBXResourcesBuildPhase;
			buildActionMask = 2147483647;
			files = (
				C01024FA1C8FD711000F776C /* LaunchScreen.storyboard in Resources */,
				C01024F71C8FD711000F776C /* Assets.xcassets in Resources */,
				C01024F51C8FD711000F776C /* Main.storyboard in Resources */,
			);
			runOnlyForDeploymentPostprocessing = 0;
		};
		C01024FE1C8FD712000F776C /* Resources */ = {
			isa = PBXResourcesBuildPhase;
			buildActionMask = 2147483647;
			files = (
			);
			runOnlyForDeploymentPostprocessing = 0;
		};
		C01025091C8FD712000F776C /* Resources */ = {
			isa = PBXResourcesBuildPhase;
			buildActionMask = 2147483647;
			files = (
			);
			runOnlyForDeploymentPostprocessing = 0;
		};
/* End PBXResourcesBuildPhase section */

/* Begin PBXShellScriptBuildPhase section */
		0E7064D81DCE7C1353600C14 /* Embed Pods Frameworks */ = {
			isa = PBXShellScriptBuildPhase;
			buildActionMask = 2147483647;
			files = (
			);
			inputPaths = (
			);
			name = "Embed Pods Frameworks";
			outputPaths = (
			);
			runOnlyForDeploymentPostprocessing = 0;
			shellPath = /bin/sh;
			shellScript = "\"${SRCROOT}/Pods/Target Support Files/Pods/Pods-frameworks.sh\"\n";
			showEnvVarsInLog = 0;
		};
		11378242F21E8C3E38DD1BB5 /* Check Pods Manifest.lock */ = {
			isa = PBXShellScriptBuildPhase;
			buildActionMask = 2147483647;
			files = (
			);
			inputPaths = (
			);
			name = "Check Pods Manifest.lock";
			outputPaths = (
			);
			runOnlyForDeploymentPostprocessing = 0;
			shellPath = /bin/sh;
			shellScript = "diff \"${PODS_ROOT}/../Podfile.lock\" \"${PODS_ROOT}/Manifest.lock\" > /dev/null\nif [[ $? != 0 ]] ; then\n    cat << EOM\nerror: The sandbox is not in sync with the Podfile.lock. Run 'pod install' or update your CocoaPods installation.\nEOM\n    exit 1\nfi\n";
			showEnvVarsInLog = 0;
		};
		6A7B2C447E2F108BBD13012E /* Copy Pods Resources */ = {
			isa = PBXShellScriptBuildPhase;
			buildActionMask = 2147483647;
			files = (
			);
			inputPaths = (
			);
			name = "Copy Pods Resources";
			outputPaths = (
			);
			runOnlyForDeploymentPostprocessing = 0;
			shellPath = /bin/sh;
			shellScript = "\"${SRCROOT}/Pods/Target Support Files/Pods/Pods-resources.sh\"\n";
			showEnvVarsInLog = 0;
		};
/* End PBXShellScriptBuildPhase section */

/* Begin PBXSourcesBuildPhase section */
		C01024E81C8FD711000F776C /* Sources */ = {
			isa = PBXSourcesBuildPhase;
			buildActionMask = 2147483647;
			files = (
				C01025201C8FD77D000F776C /* GTWaterFallFlowLayout.swift in Sources */,
				C01024F21C8FD711000F776C /* ViewController.swift in Sources */,
				C01024F01C8FD711000F776C /* AppDelegate.swift in Sources */,
			);
			runOnlyForDeploymentPostprocessing = 0;
		};
		C01024FC1C8FD712000F776C /* Sources */ = {
			isa = PBXSourcesBuildPhase;
			buildActionMask = 2147483647;
			files = (
				C01025051C8FD712000F776C /* GTWaterFallFlowLayoutTests.swift in Sources */,
			);
			runOnlyForDeploymentPostprocessing = 0;
		};
		C01025071C8FD712000F776C /* Sources */ = {
			isa = PBXSourcesBuildPhase;
			buildActionMask = 2147483647;
			files = (
				C01025101C8FD712000F776C /* GTWaterFallFlowLayoutUITests.swift in Sources */,
			);
			runOnlyForDeploymentPostprocessing = 0;
		};
/* End PBXSourcesBuildPhase section */

/* Begin PBXTargetDependency section */
		C01025021C8FD712000F776C /* PBXTargetDependency */ = {
			isa = PBXTargetDependency;
			target = C01024EB1C8FD711000F776C /* GTWaterFallFlowLayout */;
			targetProxy = C01025011C8FD712000F776C /* PBXContainerItemProxy */;
		};
		C010250D1C8FD712000F776C /* PBXTargetDependency */ = {
			isa = PBXTargetDependency;
			target = C01024EB1C8FD711000F776C /* GTWaterFallFlowLayout */;
			targetProxy = C010250C1C8FD712000F776C /* PBXContainerItemProxy */;
		};
/* End PBXTargetDependency section */

/* Begin PBXVariantGroup section */
		C01024F31C8FD711000F776C /* Main.storyboard */ = {
			isa = PBXVariantGroup;
			children = (
				C01024F41C8FD711000F776C /* Base */,
			);
			name = Main.storyboard;
			sourceTree = "<group>";
		};
		C01024F81C8FD711000F776C /* LaunchScreen.storyboard */ = {
			isa = PBXVariantGroup;
			children = (
				C01024F91C8FD711000F776C /* Base */,
			);
			name = LaunchScreen.storyboard;
			sourceTree = "<group>";
		};
/* End PBXVariantGroup section */

/* Begin XCBuildConfiguration section */
		C01025121C8FD712000F776C /* Debug */ = {
			isa = XCBuildConfiguration;
			buildSettings = {
				ALWAYS_SEARCH_USER_PATHS = NO;
				CLANG_CXX_LANGUAGE_STANDARD = "gnu++0x";
				CLANG_CXX_LIBRARY = "libc++";
				CLANG_ENABLE_MODULES = YES;
				CLANG_ENABLE_OBJC_ARC = YES;
				CLANG_WARN_BOOL_CONVERSION = YES;
				CLANG_WARN_CONSTANT_CONVERSION = YES;
				CLANG_WARN_DIRECT_OBJC_ISA_USAGE = YES_ERROR;
				CLANG_WARN_EMPTY_BODY = YES;
				CLANG_WARN_ENUM_CONVERSION = YES;
				CLANG_WARN_INT_CONVERSION = YES;
				CLANG_WARN_OBJC_ROOT_CLASS = YES_ERROR;
				CLANG_WARN_UNREACHABLE_CODE = YES;
				CLANG_WARN__DUPLICATE_METHOD_MATCH = YES;
				"CODE_SIGN_IDENTITY[sdk=iphoneos*]" = "iPhone Developer";
				COPY_PHASE_STRIP = NO;
				DEBUG_INFORMATION_FORMAT = dwarf;
				ENABLE_STRICT_OBJC_MSGSEND = YES;
				ENABLE_TESTABILITY = YES;
				GCC_C_LANGUAGE_STANDARD = gnu99;
				GCC_DYNAMIC_NO_PIC = NO;
				GCC_NO_COMMON_BLOCKS = YES;
				GCC_OPTIMIZATION_LEVEL = 0;
				GCC_PREPROCESSOR_DEFINITIONS = (
					"DEBUG=1",
					"$(inherited)",
				);
				GCC_WARN_64_TO_32_BIT_CONVERSION = YES;
				GCC_WARN_ABOUT_RETURN_TYPE = YES_ERROR;
				GCC_WARN_UNDECLARED_SELECTOR = YES;
				GCC_WARN_UNINITIALIZED_AUTOS = YES_AGGRESSIVE;
				GCC_WARN_UNUSED_FUNCTION = YES;
				GCC_WARN_UNUSED_VARIABLE = YES;
				IPHONEOS_DEPLOYMENT_TARGET = 9.2;
				MTL_ENABLE_DEBUG_INFO = YES;
				ONLY_ACTIVE_ARCH = YES;
				SDKROOT = iphoneos;
				SWIFT_OPTIMIZATION_LEVEL = "-Onone";
				TARGETED_DEVICE_FAMILY = "1,2";
			};
			name = Debug;
		};
		C01025131C8FD712000F776C /* Release */ = {
			isa = XCBuildConfiguration;
			buildSettings = {
				ALWAYS_SEARCH_USER_PATHS = NO;
				CLANG_CXX_LANGUAGE_STANDARD = "gnu++0x";
				CLANG_CXX_LIBRARY = "libc++";
				CLANG_ENABLE_MODULES = YES;
				CLANG_ENABLE_OBJC_ARC = YES;
				CLANG_WARN_BOOL_CONVERSION = YES;
				CLANG_WARN_CONSTANT_CONVERSION = YES;
				CLANG_WARN_DIRECT_OBJC_ISA_USAGE = YES_ERROR;
				CLANG_WARN_EMPTY_BODY = YES;
				CLANG_WARN_ENUM_CONVERSION = YES;
				CLANG_WARN_INT_CONVERSION = YES;
				CLANG_WARN_OBJC_ROOT_CLASS = YES_ERROR;
				CLANG_WARN_UNREACHABLE_CODE = YES;
				CLANG_WARN__DUPLICATE_METHOD_MATCH = YES;
				"CODE_SIGN_IDENTITY[sdk=iphoneos*]" = "iPhone Developer";
				COPY_PHASE_STRIP = NO;
				DEBUG_INFORMATION_FORMAT = "dwarf-with-dsym";
				ENABLE_NS_ASSERTIONS = NO;
				ENABLE_STRICT_OBJC_MSGSEND = YES;
				GCC_C_LANGUAGE_STANDARD = gnu99;
				GCC_NO_COMMON_BLOCKS = YES;
				GCC_WARN_64_TO_32_BIT_CONVERSION = YES;
				GCC_WARN_ABOUT_RETURN_TYPE = YES_ERROR;
				GCC_WARN_UNDECLARED_SELECTOR = YES;
				GCC_WARN_UNINITIALIZED_AUTOS = YES_AGGRESSIVE;
				GCC_WARN_UNUSED_FUNCTION = YES;
				GCC_WARN_UNUSED_VARIABLE = YES;
				IPHONEOS_DEPLOYMENT_TARGET = 9.2;
				MTL_ENABLE_DEBUG_INFO = NO;
				SDKROOT = iphoneos;
				TARGETED_DEVICE_FAMILY = "1,2";
				VALIDATE_PRODUCT = YES;
			};
			name = Release;
		};
		C01025151C8FD712000F776C /* Debug */ = {
			isa = XCBuildConfiguration;
			baseConfigurationReference = CB0197A43EE0D737D9029986 /* Pods.debug.xcconfig */;
			buildSettings = {
				ASSETCATALOG_COMPILER_APPICON_NAME = AppIcon;
				INFOPLIST_FILE = GTWaterFallFlowLayout/Info.plist;
				LD_RUNPATH_SEARCH_PATHS = "$(inherited) @executable_path/Frameworks";
				PRODUCT_BUNDLE_IDENTIFIER = Geetion.GTWaterFallFlowLayout;
				PRODUCT_NAME = "$(TARGET_NAME)";
			};
			name = Debug;
		};
		C01025161C8FD712000F776C /* Release */ = {
			isa = XCBuildConfiguration;
			baseConfigurationReference = 6B57815FE4EE9432642A0730 /* Pods.release.xcconfig */;
			buildSettings = {
				ASSETCATALOG_COMPILER_APPICON_NAME = AppIcon;
				INFOPLIST_FILE = GTWaterFallFlowLayout/Info.plist;
				LD_RUNPATH_SEARCH_PATHS = "$(inherited) @executable_path/Frameworks";
				PRODUCT_BUNDLE_IDENTIFIER = Geetion.GTWaterFallFlowLayout;
				PRODUCT_NAME = "$(TARGET_NAME)";
			};
			name = Release;
		};
		C01025181C8FD712000F776C /* Debug */ = {
			isa = XCBuildConfiguration;
			buildSettings = {
				BUNDLE_LOADER = "$(TEST_HOST)";
				INFOPLIST_FILE = GTWaterFallFlowLayoutTests/Info.plist;
				LD_RUNPATH_SEARCH_PATHS = "$(inherited) @executable_path/Frameworks @loader_path/Frameworks";
				PRODUCT_BUNDLE_IDENTIFIER = Geetion.GTWaterFallFlowLayoutTests;
				PRODUCT_NAME = "$(TARGET_NAME)";
				TEST_HOST = "$(BUILT_PRODUCTS_DIR)/GTWaterFallFlowLayout.app/GTWaterFallFlowLayout";
			};
			name = Debug;
		};
		C01025191C8FD712000F776C /* Release */ = {
			isa = XCBuildConfiguration;
			buildSettings = {
				BUNDLE_LOADER = "$(TEST_HOST)";
				INFOPLIST_FILE = GTWaterFallFlowLayoutTests/Info.plist;
				LD_RUNPATH_SEARCH_PATHS = "$(inherited) @executable_path/Frameworks @loader_path/Frameworks";
				PRODUCT_BUNDLE_IDENTIFIER = Geetion.GTWaterFallFlowLayoutTests;
				PRODUCT_NAME = "$(TARGET_NAME)";
				TEST_HOST = "$(BUILT_PRODUCTS_DIR)/GTWaterFallFlowLayout.app/GTWaterFallFlowLayout";
			};
			name = Release;
		};
		C010251B1C8FD712000F776C /* Debug */ = {
			isa = XCBuildConfiguration;
			buildSettings = {
				INFOPLIST_FILE = GTWaterFallFlowLayoutUITests/Info.plist;
				LD_RUNPATH_SEARCH_PATHS = "$(inherited) @executable_path/Frameworks @loader_path/Frameworks";
				PRODUCT_BUNDLE_IDENTIFIER = Geetion.GTWaterFallFlowLayoutUITests;
				PRODUCT_NAME = "$(TARGET_NAME)";
				TEST_TARGET_NAME = GTWaterFallFlowLayout;
				USES_XCTRUNNER = YES;
			};
			name = Debug;
		};
		C010251C1C8FD712000F776C /* Release */ = {
			isa = XCBuildConfiguration;
			buildSettings = {
				INFOPLIST_FILE = GTWaterFallFlowLayoutUITests/Info.plist;
				LD_RUNPATH_SEARCH_PATHS = "$(inherited) @executable_path/Frameworks @loader_path/Frameworks";
				PRODUCT_BUNDLE_IDENTIFIER = Geetion.GTWaterFallFlowLayoutUITests;
				PRODUCT_NAME = "$(TARGET_NAME)";
				TEST_TARGET_NAME = GTWaterFallFlowLayout;
				USES_XCTRUNNER = YES;
			};
			name = Release;
		};
/* End XCBuildConfiguration section */

/* Begin XCConfigurationList section */
		C01024E71C8FD711000F776C /* Build configuration list for PBXProject "GTWaterFallFlowLayout" */ = {
			isa = XCConfigurationList;
			buildConfigurations = (
				C01025121C8FD712000F776C /* Debug */,
				C01025131C8FD712000F776C /* Release */,
			);
			defaultConfigurationIsVisible = 0;
			defaultConfigurationName = Release;
		};
		C01025141C8FD712000F776C /* Build configuration list for PBXNativeTarget "GTWaterFallFlowLayout" */ = {
			isa = XCConfigurationList;
			buildConfigurations = (
				C01025151C8FD712000F776C /* Debug */,
				C01025161C8FD712000F776C /* Release */,
			);
			defaultConfigurationIsVisible = 0;
			defaultConfigurationName = Release;
		};
		C01025171C8FD712000F776C /* Build configuration list for PBXNativeTarget "GTWaterFallFlowLayoutTests" */ = {
			isa = XCConfigurationList;
			buildConfigurations = (
				C01025181C8FD712000F776C /* Debug */,
				C01025191C8FD712000F776C /* Release */,
			);
			defaultConfigurationIsVisible = 0;
			defaultConfigurationName = Release;
		};
		C010251A1C8FD712000F776C /* Build configuration list for PBXNativeTarget "GTWaterFallFlowLayoutUITests" */ = {
			isa = XCConfigurationList;
			buildConfigurations = (
				C010251B1C8FD712000F776C /* Debug */,
				C010251C1C8FD712000F776C /* Release */,
			);
			defaultConfigurationIsVisible = 0;
			defaultConfigurationName = Release;
		};
/* End XCConfigurationList section */
	};
	rootObject = C01024E41C8FD711000F776C /* Project object */;
}
